
Microsoft Visual Studio Solution File, Format Version 12.00
# Visual Studio Version 16
VisualStudioVersion = 16.0.29920.165
MinimumVisualStudioVersion = 10.0.40219.1
Project("{FAE04EC0-301F-11D3-BF4B-00C04F79EFBC}") = "Entrega2", "Entrega2\Entrega2.csproj", "{6DA9E48E-AC94-4673-934B-5206CB42DB15}"
EndProject
Global
	GlobalSection(SolutionConfigurationPlatforms) = preSolution
		Debug|Any CPU = Debug|Any CPU
		Release|Any CPU = Release|Any CPU
	EndGlobalSection
	GlobalSection(ProjectConfigurationPlatforms) = postSolution
		{6DA9E48E-AC94-4673-934B-5206CB42DB15}.Debug|Any CPU.ActiveCfg = Debug|Any CPU
		{6DA9E48E-AC94-4673-934B-5206CB42DB15}.Debug|Any CPU.Build.0 = Debug|Any CPU
		{6DA9E48E-AC94-4673-934B-5206CB42DB15}.Release|Any CPU.ActiveCfg = Release|Any CPU
		{6DA9E48E-AC94-4673-934B-5206CB42DB15}.Release|Any CPU.Build.0 = Release|Any CPU
	EndGlobalSection
	GlobalSection(SolutionProperties) = preSolution
		HideSolutionNode = FALSE
	EndGlobalSection
	GlobalSection(ExtensibilityGlobals) = postSolution
		SolutionGuid = {9ADABA5F-3AAD-44DC-BB03-43522DCA8491}
	EndGlobalSection
EndGlobal
